// !$*UTF8*$!
{
	archiveVersion = 1;
	classes = {
	};
	objectVersion = 50;
	objects = {

/* Begin PBXBuildFile section */
		CE0044362351BC3D003E5D72 /* ColorService.swift in Sources */ = {isa = PBXBuildFile; fileRef = CE0044352351BC3D003E5D72 /* ColorService.swift */; };
		CE759DDC2351B6DA00B0C108 /* AppDelegate.swift in Sources */ = {isa = PBXBuildFile; fileRef = CE759DDB2351B6DA00B0C108 /* AppDelegate.swift */; };
		CE759DDE2351B6DA00B0C108 /* SceneDelegate.swift in Sources */ = {isa = PBXBuildFile; fileRef = CE759DDD2351B6DA00B0C108 /* SceneDelegate.swift */; };
		CE759DE02351B6DA00B0C108 /* ViewController.swift in Sources */ = {isa = PBXBuildFile; fileRef = CE759DDF2351B6DA00B0C108 /* ViewController.swift */; };
		CE759DE32351B6DA00B0C108 /* Main.storyboard in Resources */ = {isa = PBXBuildFile; fileRef = CE759DE12351B6DA00B0C108 /* Main.storyboard */; };
		CE759DE52351B6DC00B0C108 /* Assets.xcassets in Resources */ = {isa = PBXBuildFile; fileRef = CE759DE42351B6DC00B0C108 /* Assets.xcassets */; };
		CE759DE82351B6DC00B0C108 /* LaunchScreen.storyboard in Resources */ = {isa = PBXBuildFile; fileRef = CE759DE62351B6DC00B0C108 /* LaunchScreen.storyboard */; };
/* End PBXBuildFile section */

/* Begin PBXFileReference section */
		CE0044352351BC3D003E5D72 /* ColorService.swift */ = {isa = PBXFileReference; lastKnownFileType = sourcecode.swift; path = ColorService.swift; sourceTree = "<group>"; };
		CE759DD82351B6DA00B0C108 /* MultipeerConnectivity_demo1.app */ = {isa = PBXFileReference; explicitFileType = wrapper.application; includeInIndex = 0; path = MultipeerConnectivity_demo1.app; sourceTree = BUILT_PRODUCTS_DIR; };
		CE759DDB2351B6DA00B0C108 /* AppDelegate.swift */ = {isa = PBXFileReference; lastKnownFileType = sourcecode.swift; path = AppDelegate.swift; sourceTree = "<group>"; };
		CE759DDD2351B6DA00B0C108 /* SceneDelegate.swift */ = {isa = PBXFileReference; lastKnownFileType = sourcecode.swift; path = SceneDelegate.swift; sourceTree = "<group>"; };
		CE759DDF2351B6DA00B0C108 /* ViewController.swift */ = {isa = PBXFileReference; lastKnownFileType = sourcecode.swift; path = ViewController.swift; sourceTree = "<group>"; };
		CE759DE22351B6DA00B0C108 /* Base */ = {isa = PBXFileReference; lastKnownFileType = file.storyboard; name = Base; path = Base.lproj/Main.storyboard; sourceTree = "<group>"; };
		CE759DE42351B6DC00B0C108 /* Assets.xcassets */ = {isa = PBXFileReference; lastKnownFileType = folder.assetcatalog; path = Assets.xcassets; sourceTree = "<group>"; };
		CE759DE72351B6DC00B0C108 /* Base */ = {isa = PBXFileReference; lastKnownFileType = file.storyboard; name = Base; path = Base.lproj/LaunchScreen.storyboard; sourceTree = "<group>"; };
		CE759DE92351B6DC00B0C108 /* Info.plist */ = {isa = PBXFileReference; lastKnownFileType = text.plist.xml; path = Info.plist; sourceTree = "<group>"; };
/* End PBXFileReference section */

/* Begin PBXFrameworksBuildPhase section */
		CE759DD52351B6DA00B0C108 /* Frameworks */ = {
			isa = PBXFrameworksBuildPhase;
			buildActionMask = 2147483647;
			files = (
			);
			runOnlyForDeploymentPostprocessing = 0;
		};
/* End PBXFrameworksBuildPhase section */

/* Begin PBXGroup section */
		CE0044342351BC1D003E5D72 /* Service */ = {
			isa = PBXGroup;
			children = (
				CE0044352351BC3D003E5D72 /* ColorService.swift */,
			);
			path = Service;
			sourceTree = "<group>";
		};
		CE759DCF2351B6DA00B0C108 = {
			isa = PBXGroup;
			children = (
				CE759DDA2351B6DA00B0C108 /* MultipeerConnectivity_demo1 */,
				CE759DD92351B6DA00B0C108 /* Products */,
			);
			sourceTree = "<group>";
		};
		CE759DD92351B6DA00B0C108 /* Products */ = {
			isa = PBXGroup;
			children = (
				CE759DD82351B6DA00B0C108 /* MultipeerConnectivity_demo1.app */,
			);
			name = Products;
			sourceTree = "<group>";
		};
		CE759DDA2351B6DA00B0C108 /* MultipeerConnectivity_demo1 */ = {
			isa = PBXGroup;
			children = (
				CE0044342351BC1D003E5D72 /* Service */,
				CE759DDB2351B6DA00B0C108 /* AppDelegate.swift */,
				CE759DDD2351B6DA00B0C108 /* SceneDelegate.swift */,
				CE759DDF2351B6DA00B0C108 /* ViewController.swift */,
				CE759DE12351B6DA00B0C108 /* Main.storyboard */,
				CE759DE42351B6DC00B0C108 /* Assets.xcassets */,
				CE759DE62351B6DC00B0C108 /* LaunchScreen.storyboard */,
				CE759DE92351B6DC00B0C108 /* Info.plist */,
			);
			path = MultipeerConnectivity_demo1;
			sourceTree = "<group>";
		};
/* End PBXGroup section */

/* Begin PBXNativeTarget section */
		CE759DD72351B6DA00B0C108 /* MultipeerConnectivity_demo1 */ = {
			isa = PBXNativeTarget;
			buildConfigurationList = CE759DEC2351B6DC00B0C108 /* Build configuration list for PBXNativeTarget "MultipeerConnectivity_demo1" */;
			buildPhases = (
				CE759DD42351B6DA00B0C108 /* Sources */,
				CE759DD52351B6DA00B0C108 /* Frameworks */,
				CE759DD62351B6DA00B0C108 /* Resources */,
			);
			buildRules = (
			);
			dependencies = (
			);
			name = MultipeerConnectivity_demo1;
			productName = MultipeerConnectivity_demo1;
			productReference = CE759DD82351B6DA00B0C108 /* MultipeerConnectivity_demo1.app */;
			productType = "com.apple.product-type.application";
		};
/* End PBXNativeTarget section */

/* Begin PBXProject section */
		CE759DD02351B6DA00B0C108 /* Project object */ = {
			isa = PBXProject;
			attributes = {
				LastSwiftUpdateCheck = 1110;
				LastUpgradeCheck = 1110;
				ORGANIZATIONNAME = "ankit kumar bharti";
				TargetAttributes = {
					CE759DD72351B6DA00B0C108 = {
						CreatedOnToolsVersion = 11.1;
					};
				};
			};
			buildConfigurationList = CE759DD32351B6DA00B0C108 /* Build configuration list for PBXProject "MultipeerConnectivity_demo1" */;
			compatibilityVersion = "Xcode 9.3";
			developmentRegion = en;
			hasScannedForEncodings = 0;
			knownRegions = (
				en,
				Base,
			);
			mainGroup = CE759DCF2351B6DA00B0C108;
			productRefGroup = CE759DD92351B6DA00B0C108 /* Products */;
			projectDirPath = "";
			projectRoot = "";
			targets = (
				CE759DD72351B6DA00B0C108 /* MultipeerConnectivity_demo1 */,
			);
		};
/* End PBXProject section */

/* Begin PBXResourcesBuildPhase section */
		CE759DD62351B6DA00B0C108 /* Resources */ = {
			isa = PBXResourcesBuildPhase;
			buildActionMask = 2147483647;
			files = (
				CE759DE82351B6DC00B0C108 /* LaunchScreen.storyboard in Resources */,
				CE759DE52351B6DC00B0C108 /* Assets.xcassets in Resources */,
				CE759DE32351B6DA00B0C108 /* Main.storyboard in Resources */,
			);
			runOnlyForDeploymentPostprocessing = 0;
		};
/* End PBXResourcesBuildPhase section */

/* Begin PBXSourcesBuildPhase section */
		CE759DD42351B6DA00B0C108 /* Sources */ = {
			isa = PBXSourcesBuildPhase;
			buildActionMask = 2147483647;
			files = (
				CE759DE02351B6DA00B0C108 /* ViewController.swift in Sources */,
				CE0044362351BC3D003E5D72 /* ColorService.swift in Sources */,
				CE759DDC2351B6DA00B0C108 /* AppDelegate.swift in Sources */,
				CE759DDE2351B6DA00B0C108 /* SceneDelegate.swift in Sources */,
			);
			runOnlyForDeploymentPostprocessing = 0;
		};
/* End PBXSourcesBuildPhase section */

/* Begin PBXVariantGroup section */
		CE759DE12351B6DA00B0C108 /* Main.storyboard */ = {
			isa = PBXVariantGroup;
			children = (
				CE759DE22351B6DA00B0C108 /* Base */,
			);
			name = Main.storyboard;
			sourceTree = "<group>";
		};
		CE759DE62351B6DC00B0C108 /* LaunchScreen.storyboard */ = {
			isa = PBXVariantGroup;
			children = (
				CE759DE72351B6DC00B0C108 /* Base */,
			);
			name = LaunchScreen.storyboard;
			sourceTree = "<group>";
		};
/* End PBXVariantGroup section */

/* Begin XCBuildConfiguration section */
		CE759DEA2351B6DC00B0C108 /* Debug */ = {
			isa = XCBuildConfiguration;
			buildSettings = {
				ALWAYS_SEARCH_USER_PATHS = NO;
				CLANG_ANALYZER_NONNULL = YES;
				CLANG_ANALYZER_NUMBER_OBJECT_CONVERSION = YES_AGGRESSIVE;
				CLANG_CXX_LANGUAGE_STANDARD = "gnu++14";
				CLANG_CXX_LIBRARY = "libc++";
				CLANG_ENABLE_MODULES = YES;
				CLANG_ENABLE_OBJC_ARC = YES;
				CLANG_ENABLE_OBJC_WEAK = YES;
				CLANG_WARN_BLOCK_CAPTURE_AUTORELEASING = YES;
				CLANG_WARN_BOOL_CONVERSION = YES;
				CLANG_WARN_COMMA = YES;
				CLANG_WARN_CONSTANT_CONVERSION = YES;
				CLANG_WARN_DEPRECATED_OBJC_IMPLEMENTATIONS = YES;
				CLANG_WARN_DIRECT_OBJC_ISA_USAGE = YES_ERROR;
				CLANG_WARN_DOCUMENTATION_COMMENTS = YES;
				CLANG_WARN_EMPTY_BODY = YES;
				CLANG_WARN_ENUM_CONVERSION = YES;
				CLANG_WARN_INFINITE_RECURSION = YES;
				CLANG_WARN_INT_CONVERSION = YES;
				CLANG_WARN_NON_LITERAL_NULL_CONVERSION = YES;
				CLANG_WARN_OBJC_IMPLICIT_RETAIN_SELF = YES;
				CLANG_WARN_OBJC_LITERAL_CONVERSION = YES;
				CLANG_WARN_OBJC_ROOT_CLASS = YES_ERROR;
				CLANG_WARN_RANGE_LOOP_ANALYSIS = YES;
				CLANG_WARN_STRICT_PROTOTYPES = YES;
				CLANG_WARN_SUSPICIOUS_MOVE = YES;
				CLANG_WARN_UNGUARDED_AVAILABILITY = YES_AGGRESSIVE;
				CLANG_WARN_UNREACHABLE_CODE = YES;
				CLANG_WARN__DUPLICATE_METHOD_MATCH = YES;
				COPY_PHASE_STRIP = NO;
				DEBUG_INFORMATION_FORMAT = dwarf;
				ENABLE_STRICT_OBJC_MSGSEND = YES;
				ENABLE_TESTABILITY = YES;
				GCC_C_LANGUAGE_STANDARD = gnu11;
				GCC_DYNAMIC_NO_PIC = NO;
				GCC_NO_COMMON_BLOCKS = YES;
				GCC_OPTIMIZATION_LEVEL = 0;
				GCC_PREPROCESSOR_DEFINITIONS = (
					"DEBUG=1",
					"$(inherited)",
				);
				GCC_WARN_64_TO_32_BIT_CONVERSION = YES;
				GCC_WARN_ABOUT_RETURN_TYPE = YES_ERROR;
				GCC_WARN_UNDECLARED_SELECTOR = YES;
				GCC_WARN_UNINITIALIZED_AUTOS = YES_AGGRESSIVE;
				GCC_WARN_UNUSED_FUNCTION = YES;
				GCC_WARN_UNUSED_VARIABLE = YES;
				IPHONEOS_DEPLOYMENT_TARGET = 13.1;
				MTL_ENABLE_DEBUG_INFO = INCLUDE_SOURCE;
				MTL_FAST_MATH = YES;
				ONLY_ACTIVE_ARCH = YES;
				SDKROOT = iphoneos;
				SWIFT_ACTIVE_COMPILATION_CONDITIONS = DEBUG;
				SWIFT_OPTIMIZATION_LEVEL = "-Onone";
			};
			name = Debug;
		};
		CE759DEB2351B6DC00B0C108 /* Release */ = {
			isa = XCBuildConfiguration;
			buildSettings = {
				ALWAYS_SEARCH_USER_PATHS = NO;
				CLANG_ANALYZER_NONNULL = YES;
				CLANG_ANALYZER_NUMBER_OBJECT_CONVERSION = YES_AGGRESSIVE;
				CLANG_CXX_LANGUAGE_STANDARD = "gnu++14";
				CLANG_CXX_LIBRARY = "libc++";
				CLANG_ENABLE_MODULES = YES;
				CLANG_ENABLE_OBJC_ARC = YES;
				CLANG_ENABLE_OBJC_WEAK = YES;
				CLANG_WARN_BLOCK_CAPTURE_AUTORELEASING = YES;
				CLANG_WARN_BOOL_CONVERSION = YES;
				CLANG_WARN_COMMA = YES;
				CLANG_WARN_CONSTANT_CONVERSION = YES;
				CLANG_WARN_DEPRECATED_OBJC_IMPLEMENTATIONS = YES;
				CLANG_WARN_DIRECT_OBJC_ISA_USAGE = YES_ERROR;
				CLANG_WARN_DOCUMENTATION_COMMENTS = YES;
				CLANG_WARN_EMPTY_BODY = YES;
				CLANG_WARN_ENUM_CONVERSION = YES;
				CLANG_WARN_INFINITE_RECURSION = YES;
				CLANG_WARN_INT_CONVERSION = YES;
				CLANG_WARN_NON_LITERAL_NULL_CONVERSION = YES;
				CLANG_WARN_OBJC_IMPLICIT_RETAIN_SELF = YES;
				CLANG_WARN_OBJC_LITERAL_CONVERSION = YES;
				CLANG_WARN_OBJC_ROOT_CLASS = YES_ERROR;
				CLANG_WARN_RANGE_LOOP_ANALYSIS = YES;
				CLANG_WARN_STRICT_PROTOTYPES = YES;
				CLANG_WARN_SUSPICIOUS_MOVE = YES;
				CLANG_WARN_UNGUARDED_AVAILABILITY = YES_AGGRESSIVE;
				CLANG_WARN_UNREACHABLE_CODE = YES;
				CLANG_WARN__DUPLICATE_METHOD_MATCH = YES;
				COPY_PHASE_STRIP = NO;
				DEBUG_INFORMATION_FORMAT = "dwarf-with-dsym";
				ENABLE_NS_ASSERTIONS = NO;
				ENABLE_STRICT_OBJC_MSGSEND = YES;
				GCC_C_LANGUAGE_STANDARD = gnu11;
				GCC_NO_COMMON_BLOCKS = YES;
				GCC_WARN_64_TO_32_BIT_CONVERSION = YES;
				GCC_WARN_ABOUT_RETURN_TYPE = YES_ERROR;
				GCC_WARN_UNDECLARED_SELECTOR = YES;
				GCC_WARN_UNINITIALIZED_AUTOS = YES_AGGRESSIVE;
				GCC_WARN_UNUSED_FUNCTION = YES;
				GCC_WARN_UNUSED_VARIABLE = YES;
				IPHONEOS_DEPLOYMENT_TARGET = 13.1;
				MTL_ENABLE_DEBUG_INFO = NO;
				MTL_FAST_MATH = YES;
				SDKROOT = iphoneos;
				SWIFT_COMPILATION_MODE = wholemodule;
				SWIFT_OPTIMIZATION_LEVEL = "-O";
				VALIDATE_PRODUCT = YES;
			};
			name = Release;
		};
		CE759DED2351B6DC00B0C108 /* Debug */ = {
			isa = XCBuildConfiguration;
			buildSettings = {
				ASSETCATALOG_COMPILER_APPICON_NAME = AppIcon;
				CODE_SIGN_STYLE = Automatic;
				DEVELOPMENT_TEAM = H83TSUZGC5;
				INFOPLIST_FILE = MultipeerConnectivity_demo1/Info.plist;
				LD_RUNPATH_SEARCH_PATHS = (
					"$(inherited)",
					"@executable_path/Frameworks",
				);
				PRODUCT_BUNDLE_IDENTIFIER = "com.ankit.MultipeerConnectivity-demo1";
				PRODUCT_NAME = "$(TARGET_NAME)";
				SWIFT_VERSION = 5.0;
				TARGETED_DEVICE_FAMILY = "1,2";
			};
			name = Debug;
		};
		CE759DEE2351B6DC00B0C108 /* Release */ = {
			isa = XCBuildConfiguration;
			buildSettings = {
				ASSETCATALOG_COMPILER_APPICON_NAME = AppIcon;
				CODE_SIGN_STYLE = Automatic;
				DEVELOPMENT_TEAM = H83TSUZGC5;
				INFOPLIST_FILE = MultipeerConnectivity_demo1/Info.plist;
				LD_RUNPATH_SEARCH_PATHS = (
					"$(inherited)",
					"@executable_path/Frameworks",
				);
				PRODUCT_BUNDLE_IDENTIFIER = "com.ankit.MultipeerConnectivity-demo1";
				PRODUCT_NAME = "$(TARGET_NAME)";
				SWIFT_VERSION = 5.0;
				TARGETED_DEVICE_FAMILY = "1,2";
			};
			name = Release;
		};
/* End XCBuildConfiguration section */

/* Begin XCConfigurationList section */
		CE759DD32351B6DA00B0C108 /* Build configuration list for PBXProject "MultipeerConnectivity_demo1" */ = {
			isa = XCConfigurationList;
			buildConfigurations = (
				CE759DEA2351B6DC00B0C108 /* Debug */,
				CE759DEB2351B6DC00B0C108 /* Release */,
			);
			defaultConfigurationIsVisible = 0;
			defaultConfigurationName = Release;
		};
		CE759DEC2351B6DC00B0C108 /* Build configuration list for PBXNativeTarget "MultipeerConnectivity_demo1" */ = {
			isa = XCConfigurationList;
			buildConfigurations = (
				CE759DED2351B6DC00B0C108 /* Debug */,
				CE759DEE2351B6DC00B0C108 /* Release */,
			);
			defaultConfigurationIsVisible = 0;
			defaultConfigurationName = Release;
		};
/* End XCConfigurationList section */
	};
	rootObject = CE759DD02351B6DA00B0C108 /* Project object */;
}
